
Microsoft Visual Studio Solution File, Format Version 12.00
# Visual Studio Version 17
VisualStudioVersion = 17.14.36221.1
MinimumVisualStudioVersion = 10.0.40219.1
Project("{FAE04EC0-301F-11D3-BF4B-00C04F79EFBC}") = "FundaTechnicalAssessment", "Src\FundaTechnicalAssessment\FundaTechnicalAssessment.csproj", "{DF7C7CE6-9227-4000-BD45-FDD2C33123C2}"
EndProject
Project("{2150E333-8FDC-42A3-9474-1A3956D46DE8}") = "Src", "Src", "{02EA681E-C7D8-13C7-8484-4AC65E1B71E8}"
EndProject
Project("{FAE04EC0-301F-11D3-BF4B-00C04F79EFBC}") = "FundaTechnicalAssessment.Core", "..\..\FundaTechnicalAssesment_old\Src\FundaTechnicalAssessment.Core\FundaTechnicalAssessment.Core.csproj", "{9355F569-EA63-8788-BDFC-629F7A4452F4}"
EndProject
Project("{FAE04EC0-301F-11D3-BF4B-00C04F79EFBC}") = "FundaTechnicalAssessment.ExternalIntegrations", "..\..\FundaTechnicalAssesment_old\Src\FundaTechnicalAssessment.ExternalIntegrations\FundaTechnicalAssessment.ExternalIntegrations.csproj", "{D930302A-F2F6-5BC2-01F6-17AC3D9136BB}"
EndProject
Global
	GlobalSection(SolutionConfigurationPlatforms) = preSolution
		Debug|Any CPU = Debug|Any CPU
		Release|Any CPU = Release|Any CPU
	EndGlobalSection
	GlobalSection(ProjectConfigurationPlatforms) = postSolution
		{DF7C7CE6-9227-4000-BD45-FDD2C33123C2}.Debug|Any CPU.ActiveCfg = Debug|Any CPU
		{DF7C7CE6-9227-4000-BD45-FDD2C33123C2}.Debug|Any CPU.Build.0 = Debug|Any CPU
		{DF7C7CE6-9227-4000-BD45-FDD2C33123C2}.Release|Any CPU.ActiveCfg = Release|Any CPU
		{DF7C7CE6-9227-4000-BD45-FDD2C33123C2}.Release|Any CPU.Build.0 = Release|Any CPU
		{9355F569-EA63-8788-BDFC-629F7A4452F4}.Debug|Any CPU.ActiveCfg = Debug|Any CPU
		{9355F569-EA63-8788-BDFC-629F7A4452F4}.Debug|Any CPU.Build.0 = Debug|Any CPU
		{9355F569-EA63-8788-BDFC-629F7A4452F4}.Release|Any CPU.ActiveCfg = Release|Any CPU
		{9355F569-EA63-8788-BDFC-629F7A4452F4}.Release|Any CPU.Build.0 = Release|Any CPU
		{D930302A-F2F6-5BC2-01F6-17AC3D9136BB}.Debug|Any CPU.ActiveCfg = Debug|Any CPU
		{D930302A-F2F6-5BC2-01F6-17AC3D9136BB}.Debug|Any CPU.Build.0 = Debug|Any CPU
		{D930302A-F2F6-5BC2-01F6-17AC3D9136BB}.Release|Any CPU.ActiveCfg = Release|Any CPU
		{D930302A-F2F6-5BC2-01F6-17AC3D9136BB}.Release|Any CPU.Build.0 = Release|Any CPU
	EndGlobalSection
	GlobalSection(SolutionProperties) = preSolution
		HideSolutionNode = FALSE
	EndGlobalSection
	GlobalSection(NestedProjects) = preSolution
		{DF7C7CE6-9227-4000-BD45-FDD2C33123C2} = {02EA681E-C7D8-13C7-8484-4AC65E1B71E8}
		{9355F569-EA63-8788-BDFC-629F7A4452F4} = {02EA681E-C7D8-13C7-8484-4AC65E1B71E8}
		{D930302A-F2F6-5BC2-01F6-17AC3D9136BB} = {02EA681E-C7D8-13C7-8484-4AC65E1B71E8}
	EndGlobalSection
	GlobalSection(ExtensibilityGlobals) = postSolution
		SolutionGuid = {799A2318-B234-4BB5-A1F8-FC76389993FE}
	EndGlobalSection
EndGlobal
